<?xml version="1.0" encoding="utf-8"?>
<Project ToolsVersion="4.0" xmlns="http://schemas.microsoft.com/developer/msbuild/2003">
  <ItemGroup>
    <Filter Include="Assets">
      <UniqueIdentifier>93aee24f-29ca-420f-ac3f-cb67588de494</UniqueIdentifier>
      <Extensions>ico;cur;bmp;dds;dlg;fbx;rct;bin;rgs;gif;jpg;jpeg;jpe;resx;tga;tiff;tif;png;wav;mfcribbon-ms</Extensions>
    </Filter>
    <Filter Include="Camera">
      <UniqueIdentifier>{4f5325d7-0cfe-4053-a4ff-0a4f0959873e}</UniqueIdentifier>
    </Filter>
    <Filter Include="Player">
      <UniqueIdentifier>{03fec4f2-b812-4d52-94c7-c70972b6dfc8}</UniqueIdentifier>
    </Filter>
    <Filter Include="Enemy">
      <UniqueIdentifier>{ae1e2fff-6cda-4f51-89ea-73ef94b2edeb}</UniqueIdentifier>
    </Filter>
    <Filter Include="Collision">
      <UniqueIdentifier>{e8bc1ecd-8880-43d9-bf4d-ecbf7eee2aff}</UniqueIdentifier>
    </Filter>
    <Filter Include="ShunLib">
      <UniqueIdentifier>{b896781b-62e9-4494-998d-6cc5bec84a67}</UniqueIdentifier>
    </Filter>
  </ItemGroup>
  <ItemGroup>
    <ClInclude Include="pch.h" />
    <ClInclude Include="Game.h" />
    <ClInclude Include="StepTimer.h" />
    <ClInclude Include="DebugCamera.h">
      <Filter>Camera</Filter>
    </ClInclude>
    <ClInclude Include="Camera.h">
      <Filter>Camera</Filter>
    </ClInclude>
    <ClInclude Include="FollowCamera.h">
      <Filter>Camera</Filter>
    </ClInclude>
    <ClInclude Include="Obj3d.h" />
    <ClInclude Include="Player\Player.h">
      <Filter>Player</Filter>
    </ClInclude>
    <ClInclude Include="Player\PlayerState.h">
      <Filter>Player</Filter>
    </ClInclude>
    <ClInclude Include="Player\States\StandingState.h">
      <Filter>Player</Filter>
    </ClInclude>
    <ClInclude Include="Player\States\MoveState.h">
      <Filter>Player</Filter>
    </ClInclude>
    <ClInclude Include="Player\States\DefenseState.h">
      <Filter>Player</Filter>
    </ClInclude>
    <ClInclude Include="Player\States\ShortRangeAttackState.h">
      <Filter>Player</Filter>
    </ClInclude>
    <ClInclude Include="Player\States\LongRangeAttackState.h">
      <Filter>Player</Filter>
    </ClInclude>
    <ClInclude Include="KeyBoardManager.h" />
    <ClInclude Include="Enemy\Enemy.h">
      <Filter>Enemy</Filter>
    </ClInclude>
    <ClInclude Include="Collision\Collision.h">
      <Filter>Collision</Filter>
    </ClInclude>
    <ClInclude Include="Collision\CollisionNode.h">
      <Filter>Collision</Filter>
    </ClInclude>
    <ClInclude Include="Collision\SphereNode.h">
      <Filter>Collision</Filter>
    </ClInclude>
    <ClInclude Include="ShunLib\Effekseer\Effect.h">
      <Filter>ShunLib</Filter>
    </ClInclude>
    <ClInclude Include="ShunLib\Vec3\Vec3.h">
      <Filter>ShunLib</Filter>
    </ClInclude>
    <ClInclude Include="ShunLib\Matrix\Matrix.h">
      <Filter>ShunLib</Filter>
    </ClInclude>
    <ClInclude Include="ShunLib\ConstantNumber\MacroConstants.h">
      <Filter>ShunLib</Filter>
    </ClInclude>
    <ClInclude Include="ShunLib\RandomNumber\RandomNumber.h">
      <Filter>ShunLib</Filter>
    </ClInclude>
    <ClInclude Include="ShunLib\Texture\Texture.h">
      <Filter>ShunLib</Filter>
    </ClInclude>
  </ItemGroup>
  <ItemGroup>
    <ClCompile Include="pch.cpp" />
    <ClCompile Include="Game.cpp" />
    <ClCompile Include="Main.cpp" />
    <ClCompile Include="DebugCamera.cpp">
      <Filter>Camera</Filter>
    </ClCompile>
    <ClCompile Include="Camera.cpp">
      <Filter>Camera</Filter>
    </ClCompile>
    <ClCompile Include="FollowCamera.cpp">
      <Filter>Camera</Filter>
    </ClCompile>
    <ClCompile Include="Obj3d.cpp" />
    <ClCompile Include="Player\Player.cpp">
      <Filter>Player</Filter>
    </ClCompile>
    <ClCompile Include="Player\States\StandingState.cpp">
      <Filter>Player</Filter>
    </ClCompile>
    <ClCompile Include="Player\States\MoveState.cpp">
      <Filter>Player</Filter>
    </ClCompile>
    <ClCompile Include="Player\States\DefenseState.cpp">
      <Filter>Player</Filter>
    </ClCompile>
    <ClCompile Include="Player\States\ShortRangeAttackState.cpp">
      <Filter>Player</Filter>
    </ClCompile>
    <ClCompile Include="Player\States\LongRangeAttackState.cpp">
      <Filter>Player</Filter>
    </ClCompile>
    <ClCompile Include="KeyBoardManager.cpp" />
    <ClCompile Include="Enemy\Enemy.cpp">
      <Filter>Enemy</Filter>
    </ClCompile>
    <ClCompile Include="Collision\Collision.cpp">
      <Filter>Collision</Filter>
    </ClCompile>
    <ClCompile Include="Collision\CollisionNode.cpp">
      <Filter>Collision</Filter>
    </ClCompile>
    <ClCompile Include="Collision\SphereNode.cpp">
      <Filter>Collision</Filter>
    </ClCompile>
    <ClCompile Include="ShunLib\Effekseer\Effect.cpp">
      <Filter>ShunLib</Filter>
    </ClCompile>
    <ClCompile Include="ShunLib\Vec3\Vec3.cpp">
      <Filter>ShunLib</Filter>
    </ClCompile>
    <ClCompile Include="ShunLib\Matrix\Matrix.cpp">
      <Filter>ShunLib</Filter>
    </ClCompile>
    <ClCompile Include="ShunLib\RandomNumber\RandomNumber.cpp">
      <Filter>ShunLib</Filter>
    </ClCompile>
    <ClCompile Include="ShunLib\Texture\Texture.cpp">
      <Filter>ShunLib</Filter>
    </ClCompile>
  </ItemGroup>
  <ItemGroup>
    <ResourceCompile Include="resource.rc" />
  </ItemGroup>
  <ItemGroup>
    <Image Include="directx.ico">
      <Filter>Assets</Filter>
    </Image>
  </ItemGroup>
  <ItemGroup>
    <Manifest Include="settings.manifest">
      <Filter>Assets</Filter>
    </Manifest>
  </ItemGroup>
  <ItemGroup>
    <MeshContentTask Include="Assets\Ground1.FBX">
      <Filter>Assets</Filter>
    </MeshContentTask>
    <MeshContentTask Include="Assets\Sky1.FBX">
      <Filter>Assets</Filter>
    </MeshContentTask>
    <MeshContentTask Include="Assets\Foot.FBX">
      <Filter>Assets</Filter>
    </MeshContentTask>
    <MeshContentTask Include="Assets\Ground200.FBX">
      <Filter>Assets</Filter>
    </MeshContentTask>
    <MeshContentTask Include="Assets\Body.FBX">
      <Filter>Assets</Filter>
    </MeshContentTask>
    <MeshContentTask Include="Assets\Head.FBX">
      <Filter>Assets</Filter>
    </MeshContentTask>
    <MeshContentTask Include="Assets\Leg.FBX">
      <Filter>Assets</Filter>
    </MeshContentTask>
    <MeshContentTask Include="Assets\Cannon.FBX">
      <Filter>Assets</Filter>
    </MeshContentTask>
    <MeshContentTask Include="Assets\BodyTop.FBX">
      <Filter>Assets</Filter>
    </MeshContentTask>
    <MeshContentTask Include="Assets\Shield.FBX">
      <Filter>Assets</Filter>
    </MeshContentTask>
    <MeshContentTask Include="Assets\Arm.FBX">
      <Filter>Assets</Filter>
    </MeshContentTask>
    <MeshContentTask Include="Assets\Hand.FBX">
      <Filter>Assets</Filter>
    </MeshContentTask>
    <MeshContentTask Include="Assets\engine.FBX">
      <Filter>Assets</Filter>
    </MeshContentTask>
    <MeshContentTask Include="Assets\fan.FBX">
      <Filter>Assets</Filter>
    </MeshContentTask>
    <MeshContentTask Include="Assets\score.FBX">
      <Filter>Assets</Filter>
    </MeshContentTask>
    <MeshContentTask Include="Assets\tower.FBX">
      <Filter>Assets</Filter>
    </MeshContentTask>
    <MeshContentTask Include="Assets\base.FBX">
      <Filter>Assets</Filter>
    </MeshContentTask>
    <MeshContentTask Include="Assets\SphereNode.FBX">
      <Filter>Assets</Filter>
    </MeshContentTask>
  </ItemGroup>
</Project>